// !$*UTF8*$!
{
	archiveVersion = 1;
	classes = {
	};
	objectVersion = 56;
	objects = {

/* Begin PBXBuildFile section */
		2353DC762C6FA6D400E57375 /* DataPolicyViewModel.swift in Sources */ = {isa = PBXBuildFile; fileRef = 2353DC732C6FA6D400E57375 /* DataPolicyViewModel.swift */; };
		2353DC772C6FA6D400E57375 /* DataPolicy.swift in Sources */ = {isa = PBXBuildFile; fileRef = 2353DC742C6FA6D400E57375 /* DataPolicy.swift */; };
		2353DC782C6FA6D400E57375 /* DataPolicySheet.swift in Sources */ = {isa = PBXBuildFile; fileRef = 2353DC752C6FA6D400E57375 /* DataPolicySheet.swift */; };
		235535352C7339BA00973F80 /* TestCameraView.swift in Sources */ = {isa = PBXBuildFile; fileRef = 235535342C7339BA00973F80 /* TestCameraView.swift */; };
		235535372C733A1200973F80 /* ImagePicker.swift in Sources */ = {isa = PBXBuildFile; fileRef = 235535362C733A1200973F80 /* ImagePicker.swift */; };
		237F71D02C6CB2A3009CFC1D /* SwiftDataContextManager.swift in Sources */ = {isa = PBXBuildFile; fileRef = 237F71CF2C6CB2A3009CFC1D /* SwiftDataContextManager.swift */; };
		237F71D32C6CB8F9009CFC1D /* PassportRepository.swift in Sources */ = {isa = PBXBuildFile; fileRef = 237F71D22C6CB8F9009CFC1D /* PassportRepository.swift */; };
		237F71D62C6CB962009CFC1D /* DataRepositoryProtocol.swift in Sources */ = {isa = PBXBuildFile; fileRef = 237F71D52C6CB962009CFC1D /* DataRepositoryProtocol.swift */; };
		237F71D82C6CBA5D009CFC1D /* DataError.swift in Sources */ = {isa = PBXBuildFile; fileRef = 237F71D72C6CBA5D009CFC1D /* DataError.swift */; };
		237F71DA2C6CBA87009CFC1D /* BaseResponse.swift in Sources */ = {isa = PBXBuildFile; fileRef = 237F71D92C6CBA87009CFC1D /* BaseResponse.swift */; };
		237F71DC2C6CBBD2009CFC1D /* EmptyResponse.swift in Sources */ = {isa = PBXBuildFile; fileRef = 237F71DB2C6CBBD2009CFC1D /* EmptyResponse.swift */; };
		237F71E42C6DB425009CFC1D /* adVisaTests.swift in Sources */ = {isa = PBXBuildFile; fileRef = 237F71E32C6DB425009CFC1D /* adVisaTests.swift */; };
		237F71EB2C6DB45C009CFC1D /* PassportDataRepositoryTests.swift in Sources */ = {isa = PBXBuildFile; fileRef = 237F71EA2C6DB45C009CFC1D /* PassportDataRepositoryTests.swift */; };
		237F71EE2C6DB6D8009CFC1D /* Data in Frameworks */ = {isa = PBXBuildFile; fileRef = 237F71ED2C6DB6D8009CFC1D /* Data */; };
		237F71F02C6DB7C9009CFC1D /* Repository in Frameworks */ = {isa = PBXBuildFile; fileRef = 237F71EF2C6DB7C9009CFC1D /* Repository */; };
		23A87FE62C74605600148870 /* AdVisaClassificationModel.mlmodel in Sources */ = {isa = PBXBuildFile; fileRef = 23A87FE52C74605600148870 /* AdVisaClassificationModel.mlmodel */; };
		260A230F2C740F6C00F034D1 /* UploadDocumentSheet.swift in Sources */ = {isa = PBXBuildFile; fileRef = 260A230E2C740F6C00F034D1 /* UploadDocumentSheet.swift */; };
		260A23112C74166C00F034D1 /* VisaFormPage.swift in Sources */ = {isa = PBXBuildFile; fileRef = 260A23102C74166C00F034D1 /* VisaFormPage.swift */; };
		260A23132C741BCE00F034D1 /* ConfirmUploadDocumentPage.swift in Sources */ = {isa = PBXBuildFile; fileRef = 260A23122C741BCE00F034D1 /* ConfirmUploadDocumentPage.swift */; };
		263201A02C731F9F006BD06F /* DiscoverPage.swift in Sources */ = {isa = PBXBuildFile; fileRef = 2632019F2C731F9F006BD06F /* DiscoverPage.swift */; };
		263201A22C733B71006BD06F /* DestinationCard.swift in Sources */ = {isa = PBXBuildFile; fileRef = 263201A12C733B71006BD06F /* DestinationCard.swift */; };
		265655552C7356A6004B2FAA /* PersonalDocumentGuideCard.swift in Sources */ = {isa = PBXBuildFile; fileRef = 265655542C7356A6004B2FAA /* PersonalDocumentGuideCard.swift */; };
		265655582C737B53004B2FAA /* VisaPromptPage.swift in Sources */ = {isa = PBXBuildFile; fileRef = 265655572C737B53004B2FAA /* VisaPromptPage.swift */; };
		269CE5662C739B9E0008EF59 /* DocumentRequirementPage.swift in Sources */ = {isa = PBXBuildFile; fileRef = 269CE5652C739B9E0008EF59 /* DocumentRequirementPage.swift */; };
		269E2DF92C6CE22700CFEB0E /* IdentityCardRepository.swift in Sources */ = {isa = PBXBuildFile; fileRef = 269E2DF82C6CE22700CFEB0E /* IdentityCardRepository.swift */; };
		269E2DFB2C6CE30300CFEB0E /* PlaneTicketRepository.swift in Sources */ = {isa = PBXBuildFile; fileRef = 269E2DFA2C6CE30300CFEB0E /* PlaneTicketRepository.swift */; };
		269E2DFD2C6CE70E00CFEB0E /* DomicileRepository.swift in Sources */ = {isa = PBXBuildFile; fileRef = 269E2DFC2C6CE70E00CFEB0E /* DomicileRepository.swift */; };
		269E2DFF2C6CE7D700CFEB0E /* TravelHistoryRepository.swift in Sources */ = {isa = PBXBuildFile; fileRef = 269E2DFE2C6CE7D700CFEB0E /* TravelHistoryRepository.swift */; };
		269E2E012C6CE8CB00CFEB0E /* EmployerRepository.swift in Sources */ = {isa = PBXBuildFile; fileRef = 269E2E002C6CE8CB00CFEB0E /* EmployerRepository.swift */; };
		269E2E032C6CE97000CFEB0E /* OccupationRepository.swift in Sources */ = {isa = PBXBuildFile; fileRef = 269E2E022C6CE97000CFEB0E /* OccupationRepository.swift */; };
		269E2E052C6CE9E200CFEB0E /* GuarantorRepository.swift in Sources */ = {isa = PBXBuildFile; fileRef = 269E2E042C6CE9E200CFEB0E /* GuarantorRepository.swift */; };
		269E2E072C6CEB9700CFEB0E /* InviterRepository.swift in Sources */ = {isa = PBXBuildFile; fileRef = 269E2E062C6CEB9700CFEB0E /* InviterRepository.swift */; };
		269E2E0B2C6CEC3E00CFEB0E /* MiscRepository.swift in Sources */ = {isa = PBXBuildFile; fileRef = 269E2E0A2C6CEC3E00CFEB0E /* MiscRepository.swift */; };
		269E2E0D2C6CECB100CFEB0E /* CrimeRemarkRepository.swift in Sources */ = {isa = PBXBuildFile; fileRef = 269E2E0C2C6CECB100CFEB0E /* CrimeRemarkRepository.swift */; };
		26A166472C74A1C5008622D2 /* VisaFormViewModel.swift in Sources */ = {isa = PBXBuildFile; fileRef = 26A166462C74A1C5008622D2 /* VisaFormViewModel.swift */; };
		26A166492C74A37B008622D2 /* OtherNameForm.swift in Sources */ = {isa = PBXBuildFile; fileRef = 26A166482C74A37B008622D2 /* OtherNameForm.swift */; };
		26A1664B2C74A477008622D2 /* NationalityForm.swift in Sources */ = {isa = PBXBuildFile; fileRef = 26A1664A2C74A477008622D2 /* NationalityForm.swift */; };
		26A1664D2C74A55F008622D2 /* CurrentAddressForm.swift in Sources */ = {isa = PBXBuildFile; fileRef = 26A1664C2C74A55F008622D2 /* CurrentAddressForm.swift */; };
		26A166532C74A8D8008622D2 /* ContactInformationForm.swift in Sources */ = {isa = PBXBuildFile; fileRef = 26A166522C74A8D8008622D2 /* ContactInformationForm.swift */; };
		26A166552C74A9BE008622D2 /* CompanyInformationForm.swift in Sources */ = {isa = PBXBuildFile; fileRef = 26A166542C74A9BE008622D2 /* CompanyInformationForm.swift */; };
		26A166572C74AD2C008622D2 /* PreviousVisitForm.swift in Sources */ = {isa = PBXBuildFile; fileRef = 26A166562C74AD2C008622D2 /* PreviousVisitForm.swift */; };
		26A166592C74CF83008622D2 /* GuarantorForm.swift in Sources */ = {isa = PBXBuildFile; fileRef = 26A166582C74CF83008622D2 /* GuarantorForm.swift */; };
		26A1665B2C74D61E008622D2 /* InviterForm.swift in Sources */ = {isa = PBXBuildFile; fileRef = 26A1665A2C74D61E008622D2 /* InviterForm.swift */; };
		26A1665D2C74DA3B008622D2 /* CrimeRecordForm.swift in Sources */ = {isa = PBXBuildFile; fileRef = 26A1665C2C74DA3B008622D2 /* CrimeRecordForm.swift */; };
		26A166602C74DD60008622D2 /* CheckBoxToggleStyle.swift in Sources */ = {isa = PBXBuildFile; fileRef = 26A1665F2C74DD60008622D2 /* CheckBoxToggleStyle.swift */; };
		26A166622C74E50C008622D2 /* CrimeDetailForm.swift in Sources */ = {isa = PBXBuildFile; fileRef = 26A166612C74E50C008622D2 /* CrimeDetailForm.swift */; };
		26A166652C75694E008622D2 /* RedirectJavesPage.swift in Sources */ = {isa = PBXBuildFile; fileRef = 26A166642C75694E008622D2 /* RedirectJavesPage.swift */; };
		26A166682C757359008622D2 /* SavedDocumentPage.swift in Sources */ = {isa = PBXBuildFile; fileRef = 26A166672C757359008622D2 /* SavedDocumentPage.swift */; };
		26A1666A2C757742008622D2 /* SavedDocumentCard.swift in Sources */ = {isa = PBXBuildFile; fileRef = 26A166692C757742008622D2 /* SavedDocumentCard.swift */; };
		26B4C8572C747B1300970A26 /* ItineraryDetailsPage.swift in Sources */ = {isa = PBXBuildFile; fileRef = 26B4C8562C747B1300970A26 /* ItineraryDetailsPage.swift */; };
		26B4C85D2C748A9300970A26 /* Itinerary.swift in Sources */ = {isa = PBXBuildFile; fileRef = 26B4C85C2C748A9300970A26 /* Itinerary.swift */; };
		26B4C8602C748C2D00970A26 /* ItineraryCard.swift in Sources */ = {isa = PBXBuildFile; fileRef = 26B4C85F2C748C2D00970A26 /* ItineraryCard.swift */; };
		26D07A9E2C74929900C024A7 /* FormPreviewPage.swift in Sources */ = {isa = PBXBuildFile; fileRef = 26D07A9D2C74929900C024A7 /* FormPreviewPage.swift */; };
		26D07AA12C7496AB00C024A7 /* EditVisaFormPage.swift in Sources */ = {isa = PBXBuildFile; fileRef = 26D07AA02C7496AB00C024A7 /* EditVisaFormPage.swift */; };
		E90997612C6B6D7800D6C39F /* PassportData.swift in Sources */ = {isa = PBXBuildFile; fileRef = E90997602C6B6D7800D6C39F /* PassportData.swift */; };
		E90997642C6B6EC300D6C39F /* Helper.swift in Sources */ = {isa = PBXBuildFile; fileRef = E90997632C6B6EC300D6C39F /* Helper.swift */; };
		E90997662C6B710300D6C39F /* IdentityCardData.swift in Sources */ = {isa = PBXBuildFile; fileRef = E90997652C6B710300D6C39F /* IdentityCardData.swift */; };
		E90997682C6B712A00D6C39F /* PlaneTicketData.swift in Sources */ = {isa = PBXBuildFile; fileRef = E90997672C6B712A00D6C39F /* PlaneTicketData.swift */; };
		E957919F2C6C874D0023305B /* DomicileData.swift in Sources */ = {isa = PBXBuildFile; fileRef = E957919E2C6C874D0023305B /* DomicileData.swift */; };
		E95791A12C6C87AB0023305B /* TravelHistoryData.swift in Sources */ = {isa = PBXBuildFile; fileRef = E95791A02C6C87AB0023305B /* TravelHistoryData.swift */; };
		E95791A32C6C88250023305B /* EmployerData.swift in Sources */ = {isa = PBXBuildFile; fileRef = E95791A22C6C88250023305B /* EmployerData.swift */; };
		E95791A52C6C88990023305B /* OccupationData.swift in Sources */ = {isa = PBXBuildFile; fileRef = E95791A42C6C88990023305B /* OccupationData.swift */; };
		E95791A72C6C8CF80023305B /* GuarantorData.swift in Sources */ = {isa = PBXBuildFile; fileRef = E95791A62C6C8CF80023305B /* GuarantorData.swift */; };
		E95791A92C6CACDC0023305B /* InviterData.swift in Sources */ = {isa = PBXBuildFile; fileRef = E95791A82C6CACDC0023305B /* InviterData.swift */; };
		E95791AB2C6CADF10023305B /* Enum.swift in Sources */ = {isa = PBXBuildFile; fileRef = E95791AA2C6CADF10023305B /* Enum.swift */; };
		E95791AF2C6CAF070023305B /* MiscData.swift in Sources */ = {isa = PBXBuildFile; fileRef = E95791AE2C6CAF070023305B /* MiscData.swift */; };
		E95791B12C6CAF460023305B /* CrimeRemarkData.swift in Sources */ = {isa = PBXBuildFile; fileRef = E95791B02C6CAF460023305B /* CrimeRemarkData.swift */; };
		E9693A752C74763000244F02 /* Constants.swift in Sources */ = {isa = PBXBuildFile; fileRef = E9693A742C74763000244F02 /* Constants.swift */; };
		E9693A772C74784E00244F02 /* DocumentRow.swift in Sources */ = {isa = PBXBuildFile; fileRef = E9693A762C74784E00244F02 /* DocumentRow.swift */; };
		E9693A7B2C747A4300244F02 /* Document.swift in Sources */ = {isa = PBXBuildFile; fileRef = E9693A7A2C747A4300244F02 /* Document.swift */; };
		E97932C02C6F8A780065DDD0 /* CameraManager.swift in Sources */ = {isa = PBXBuildFile; fileRef = E97932BF2C6F8A780065DDD0 /* CameraManager.swift */; };
		E97932C22C6F8E6F0065DDD0 /* CIImage+Extension.swift in Sources */ = {isa = PBXBuildFile; fileRef = E97932C12C6F8E6F0065DDD0 /* CIImage+Extension.swift */; };
		E97932C42C6F8EEE0065DDD0 /* CameraView.swift in Sources */ = {isa = PBXBuildFile; fileRef = E97932C32C6F8EEE0065DDD0 /* CameraView.swift */; };
		E97932C62C6F95810065DDD0 /* CameraViewModel.swift in Sources */ = {isa = PBXBuildFile; fileRef = E97932C52C6F95810065DDD0 /* CameraViewModel.swift */; };
		E97F19DF2C7225A800895F25 /* DocumentScannerView.swift in Sources */ = {isa = PBXBuildFile; fileRef = E97F19DE2C7225A800895F25 /* DocumentScannerView.swift */; };
		E97F19E12C7226CE00895F25 /* TextRecognition.swift in Sources */ = {isa = PBXBuildFile; fileRef = E97F19E02C7226CE00895F25 /* TextRecognition.swift */; };
		E9855F642C6A4BF30019080B /* adVisaApp.swift in Sources */ = {isa = PBXBuildFile; fileRef = E9855F632C6A4BF30019080B /* adVisaApp.swift */; };
		E9855F662C6A4BF30019080B /* ContentView.swift in Sources */ = {isa = PBXBuildFile; fileRef = E9855F652C6A4BF30019080B /* ContentView.swift */; };
		E9855F682C6A4BF60019080B /* Assets.xcassets in Resources */ = {isa = PBXBuildFile; fileRef = E9855F672C6A4BF60019080B /* Assets.xcassets */; };
		E9855F6B2C6A4BF70019080B /* Preview Assets.xcassets in Resources */ = {isa = PBXBuildFile; fileRef = E9855F6A2C6A4BF70019080B /* Preview Assets.xcassets */; };
		E9CD97682C7319DD00A4E85E /* CameraLayerView.swift in Sources */ = {isa = PBXBuildFile; fileRef = E9CD97672C7319DD00A4E85E /* CameraLayerView.swift */; };
/* End PBXBuildFile section */

/* Begin PBXContainerItemProxy section */
		237F71E52C6DB425009CFC1D /* PBXContainerItemProxy */ = {
			isa = PBXContainerItemProxy;
			containerPortal = E9855F582C6A4BF30019080B /* Project object */;
			proxyType = 1;
			remoteGlobalIDString = E9855F5F2C6A4BF30019080B;
			remoteInfo = adVisa;
		};
/* End PBXContainerItemProxy section */

/* Begin PBXFileReference section */
		2353DC732C6FA6D400E57375 /* DataPolicyViewModel.swift */ = {isa = PBXFileReference; fileEncoding = 4; lastKnownFileType = sourcecode.swift; name = DataPolicyViewModel.swift; path = adVisa/Scene/ViewModel/DataPolicyViewModel.swift; sourceTree = SOURCE_ROOT; };
		2353DC742C6FA6D400E57375 /* DataPolicy.swift */ = {isa = PBXFileReference; fileEncoding = 4; lastKnownFileType = sourcecode.swift; name = DataPolicy.swift; path = adVisa/Scene/View/DataPolicy.swift; sourceTree = SOURCE_ROOT; };
		2353DC752C6FA6D400E57375 /* DataPolicySheet.swift */ = {isa = PBXFileReference; fileEncoding = 4; lastKnownFileType = sourcecode.swift; name = DataPolicySheet.swift; path = adVisa/Scene/View/DataPolicySheet.swift; sourceTree = SOURCE_ROOT; };
		235535342C7339BA00973F80 /* TestCameraView.swift */ = {isa = PBXFileReference; lastKnownFileType = sourcecode.swift; path = TestCameraView.swift; sourceTree = "<group>"; };
		235535362C733A1200973F80 /* ImagePicker.swift */ = {isa = PBXFileReference; lastKnownFileType = sourcecode.swift; path = ImagePicker.swift; sourceTree = "<group>"; };
		237F71CF2C6CB2A3009CFC1D /* SwiftDataContextManager.swift */ = {isa = PBXFileReference; lastKnownFileType = sourcecode.swift; path = SwiftDataContextManager.swift; sourceTree = "<group>"; };
		237F71D22C6CB8F9009CFC1D /* PassportRepository.swift */ = {isa = PBXFileReference; lastKnownFileType = sourcecode.swift; path = PassportRepository.swift; sourceTree = "<group>"; };
		237F71D52C6CB962009CFC1D /* DataRepositoryProtocol.swift */ = {isa = PBXFileReference; lastKnownFileType = sourcecode.swift; path = DataRepositoryProtocol.swift; sourceTree = "<group>"; };
		237F71D72C6CBA5D009CFC1D /* DataError.swift */ = {isa = PBXFileReference; lastKnownFileType = sourcecode.swift; path = DataError.swift; sourceTree = "<group>"; };
		237F71D92C6CBA87009CFC1D /* BaseResponse.swift */ = {isa = PBXFileReference; lastKnownFileType = sourcecode.swift; path = BaseResponse.swift; sourceTree = "<group>"; };
		237F71DB2C6CBBD2009CFC1D /* EmptyResponse.swift */ = {isa = PBXFileReference; lastKnownFileType = sourcecode.swift; path = EmptyResponse.swift; sourceTree = "<group>"; };
		237F71E12C6DB425009CFC1D /* adVisaTests.xctest */ = {isa = PBXFileReference; explicitFileType = wrapper.cfbundle; includeInIndex = 0; path = adVisaTests.xctest; sourceTree = BUILT_PRODUCTS_DIR; };
		237F71E32C6DB425009CFC1D /* adVisaTests.swift */ = {isa = PBXFileReference; lastKnownFileType = sourcecode.swift; path = adVisaTests.swift; sourceTree = "<group>"; };
		237F71EA2C6DB45C009CFC1D /* PassportDataRepositoryTests.swift */ = {isa = PBXFileReference; lastKnownFileType = sourcecode.swift; path = PassportDataRepositoryTests.swift; sourceTree = "<group>"; };
		237F71ED2C6DB6D8009CFC1D /* Data */ = {isa = PBXFileReference; lastKnownFileType = folder; name = Data; path = adVisa/Data; sourceTree = "<group>"; };
		237F71EF2C6DB7C9009CFC1D /* Repository */ = {isa = PBXFileReference; lastKnownFileType = folder; name = Repository; path = adVisa/Data/Repository; sourceTree = "<group>"; };
		23A87FE52C74605600148870 /* AdVisaClassificationModel.mlmodel */ = {isa = PBXFileReference; lastKnownFileType = file.mlmodel; path = AdVisaClassificationModel.mlmodel; sourceTree = "<group>"; };
		260A230E2C740F6C00F034D1 /* UploadDocumentSheet.swift */ = {isa = PBXFileReference; lastKnownFileType = sourcecode.swift; path = UploadDocumentSheet.swift; sourceTree = "<group>"; };
		260A23102C74166C00F034D1 /* VisaFormPage.swift */ = {isa = PBXFileReference; lastKnownFileType = sourcecode.swift; path = VisaFormPage.swift; sourceTree = "<group>"; };
		260A23122C741BCE00F034D1 /* ConfirmUploadDocumentPage.swift */ = {isa = PBXFileReference; lastKnownFileType = sourcecode.swift; path = ConfirmUploadDocumentPage.swift; sourceTree = "<group>"; };
		2632019F2C731F9F006BD06F /* DiscoverPage.swift */ = {isa = PBXFileReference; lastKnownFileType = sourcecode.swift; path = DiscoverPage.swift; sourceTree = "<group>"; };
		263201A12C733B71006BD06F /* DestinationCard.swift */ = {isa = PBXFileReference; lastKnownFileType = sourcecode.swift; path = DestinationCard.swift; sourceTree = "<group>"; };
		265655542C7356A6004B2FAA /* PersonalDocumentGuideCard.swift */ = {isa = PBXFileReference; lastKnownFileType = sourcecode.swift; path = PersonalDocumentGuideCard.swift; sourceTree = "<group>"; };
		265655572C737B53004B2FAA /* VisaPromptPage.swift */ = {isa = PBXFileReference; lastKnownFileType = sourcecode.swift; path = VisaPromptPage.swift; sourceTree = "<group>"; };
		269CE5652C739B9E0008EF59 /* DocumentRequirementPage.swift */ = {isa = PBXFileReference; lastKnownFileType = sourcecode.swift; path = DocumentRequirementPage.swift; sourceTree = "<group>"; };
		269E2DF82C6CE22700CFEB0E /* IdentityCardRepository.swift */ = {isa = PBXFileReference; lastKnownFileType = sourcecode.swift; path = IdentityCardRepository.swift; sourceTree = "<group>"; };
		269E2DFA2C6CE30300CFEB0E /* PlaneTicketRepository.swift */ = {isa = PBXFileReference; lastKnownFileType = sourcecode.swift; path = PlaneTicketRepository.swift; sourceTree = "<group>"; };
		269E2DFC2C6CE70E00CFEB0E /* DomicileRepository.swift */ = {isa = PBXFileReference; lastKnownFileType = sourcecode.swift; path = DomicileRepository.swift; sourceTree = "<group>"; };
		269E2DFE2C6CE7D700CFEB0E /* TravelHistoryRepository.swift */ = {isa = PBXFileReference; lastKnownFileType = sourcecode.swift; path = TravelHistoryRepository.swift; sourceTree = "<group>"; };
		269E2E002C6CE8CB00CFEB0E /* EmployerRepository.swift */ = {isa = PBXFileReference; lastKnownFileType = sourcecode.swift; path = EmployerRepository.swift; sourceTree = "<group>"; };
		269E2E022C6CE97000CFEB0E /* OccupationRepository.swift */ = {isa = PBXFileReference; lastKnownFileType = sourcecode.swift; path = OccupationRepository.swift; sourceTree = "<group>"; };
		269E2E042C6CE9E200CFEB0E /* GuarantorRepository.swift */ = {isa = PBXFileReference; lastKnownFileType = sourcecode.swift; path = GuarantorRepository.swift; sourceTree = "<group>"; };
		269E2E062C6CEB9700CFEB0E /* InviterRepository.swift */ = {isa = PBXFileReference; lastKnownFileType = sourcecode.swift; path = InviterRepository.swift; sourceTree = "<group>"; };
		269E2E0A2C6CEC3E00CFEB0E /* MiscRepository.swift */ = {isa = PBXFileReference; lastKnownFileType = sourcecode.swift; path = MiscRepository.swift; sourceTree = "<group>"; };
		269E2E0C2C6CECB100CFEB0E /* CrimeRemarkRepository.swift */ = {isa = PBXFileReference; lastKnownFileType = sourcecode.swift; path = CrimeRemarkRepository.swift; sourceTree = "<group>"; };
		26A166462C74A1C5008622D2 /* VisaFormViewModel.swift */ = {isa = PBXFileReference; lastKnownFileType = sourcecode.swift; path = VisaFormViewModel.swift; sourceTree = "<group>"; };
		26A166482C74A37B008622D2 /* OtherNameForm.swift */ = {isa = PBXFileReference; lastKnownFileType = sourcecode.swift; path = OtherNameForm.swift; sourceTree = "<group>"; };
		26A1664A2C74A477008622D2 /* NationalityForm.swift */ = {isa = PBXFileReference; lastKnownFileType = sourcecode.swift; path = NationalityForm.swift; sourceTree = "<group>"; };
		26A1664C2C74A55F008622D2 /* CurrentAddressForm.swift */ = {isa = PBXFileReference; lastKnownFileType = sourcecode.swift; path = CurrentAddressForm.swift; sourceTree = "<group>"; };
		26A166522C74A8D8008622D2 /* ContactInformationForm.swift */ = {isa = PBXFileReference; lastKnownFileType = sourcecode.swift; path = ContactInformationForm.swift; sourceTree = "<group>"; };
		26A166542C74A9BE008622D2 /* CompanyInformationForm.swift */ = {isa = PBXFileReference; lastKnownFileType = sourcecode.swift; path = CompanyInformationForm.swift; sourceTree = "<group>"; };
		26A166562C74AD2C008622D2 /* PreviousVisitForm.swift */ = {isa = PBXFileReference; lastKnownFileType = sourcecode.swift; path = PreviousVisitForm.swift; sourceTree = "<group>"; };
		26A166582C74CF83008622D2 /* GuarantorForm.swift */ = {isa = PBXFileReference; lastKnownFileType = sourcecode.swift; path = GuarantorForm.swift; sourceTree = "<group>"; };
		26A1665A2C74D61E008622D2 /* InviterForm.swift */ = {isa = PBXFileReference; lastKnownFileType = sourcecode.swift; path = InviterForm.swift; sourceTree = "<group>"; };
		26A1665C2C74DA3B008622D2 /* CrimeRecordForm.swift */ = {isa = PBXFileReference; lastKnownFileType = sourcecode.swift; path = CrimeRecordForm.swift; sourceTree = "<group>"; };
		26A1665F2C74DD60008622D2 /* CheckBoxToggleStyle.swift */ = {isa = PBXFileReference; lastKnownFileType = sourcecode.swift; path = CheckBoxToggleStyle.swift; sourceTree = "<group>"; };
		26A166612C74E50C008622D2 /* CrimeDetailForm.swift */ = {isa = PBXFileReference; lastKnownFileType = sourcecode.swift; path = CrimeDetailForm.swift; sourceTree = "<group>"; };
		26A166642C75694E008622D2 /* RedirectJavesPage.swift */ = {isa = PBXFileReference; lastKnownFileType = sourcecode.swift; path = RedirectJavesPage.swift; sourceTree = "<group>"; };
		26A166672C757359008622D2 /* SavedDocumentPage.swift */ = {isa = PBXFileReference; lastKnownFileType = sourcecode.swift; path = SavedDocumentPage.swift; sourceTree = "<group>"; };
		26A166692C757742008622D2 /* SavedDocumentCard.swift */ = {isa = PBXFileReference; lastKnownFileType = sourcecode.swift; path = SavedDocumentCard.swift; sourceTree = "<group>"; };
		26B4C8562C747B1300970A26 /* ItineraryDetailsPage.swift */ = {isa = PBXFileReference; lastKnownFileType = sourcecode.swift; path = ItineraryDetailsPage.swift; sourceTree = "<group>"; };
		26B4C85C2C748A9300970A26 /* Itinerary.swift */ = {isa = PBXFileReference; lastKnownFileType = sourcecode.swift; path = Itinerary.swift; sourceTree = "<group>"; };
		26B4C85F2C748C2D00970A26 /* ItineraryCard.swift */ = {isa = PBXFileReference; lastKnownFileType = sourcecode.swift; path = ItineraryCard.swift; sourceTree = "<group>"; };
		26D07A9D2C74929900C024A7 /* FormPreviewPage.swift */ = {isa = PBXFileReference; lastKnownFileType = sourcecode.swift; path = FormPreviewPage.swift; sourceTree = "<group>"; };
		26D07AA02C7496AB00C024A7 /* EditVisaFormPage.swift */ = {isa = PBXFileReference; lastKnownFileType = sourcecode.swift; path = EditVisaFormPage.swift; sourceTree = "<group>"; };
		E90997602C6B6D7800D6C39F /* PassportData.swift */ = {isa = PBXFileReference; lastKnownFileType = sourcecode.swift; path = PassportData.swift; sourceTree = "<group>"; };
		E90997632C6B6EC300D6C39F /* Helper.swift */ = {isa = PBXFileReference; lastKnownFileType = sourcecode.swift; path = Helper.swift; sourceTree = "<group>"; };
		E90997652C6B710300D6C39F /* IdentityCardData.swift */ = {isa = PBXFileReference; lastKnownFileType = sourcecode.swift; path = IdentityCardData.swift; sourceTree = "<group>"; };
		E90997672C6B712A00D6C39F /* PlaneTicketData.swift */ = {isa = PBXFileReference; lastKnownFileType = sourcecode.swift; path = PlaneTicketData.swift; sourceTree = "<group>"; };
		E957919E2C6C874D0023305B /* DomicileData.swift */ = {isa = PBXFileReference; fileEncoding = 4; lastKnownFileType = sourcecode.swift; path = DomicileData.swift; sourceTree = "<group>"; };
		E95791A02C6C87AB0023305B /* TravelHistoryData.swift */ = {isa = PBXFileReference; fileEncoding = 4; lastKnownFileType = sourcecode.swift; path = TravelHistoryData.swift; sourceTree = "<group>"; };
		E95791A22C6C88250023305B /* EmployerData.swift */ = {isa = PBXFileReference; fileEncoding = 4; lastKnownFileType = sourcecode.swift; path = EmployerData.swift; sourceTree = "<group>"; };
		E95791A42C6C88990023305B /* OccupationData.swift */ = {isa = PBXFileReference; fileEncoding = 4; lastKnownFileType = sourcecode.swift; path = OccupationData.swift; sourceTree = "<group>"; };
		E95791A62C6C8CF80023305B /* GuarantorData.swift */ = {isa = PBXFileReference; fileEncoding = 4; lastKnownFileType = sourcecode.swift; path = GuarantorData.swift; sourceTree = "<group>"; };
		E95791A82C6CACDC0023305B /* InviterData.swift */ = {isa = PBXFileReference; fileEncoding = 4; lastKnownFileType = sourcecode.swift; path = InviterData.swift; sourceTree = "<group>"; };
		E95791AA2C6CADF10023305B /* Enum.swift */ = {isa = PBXFileReference; lastKnownFileType = sourcecode.swift; path = Enum.swift; sourceTree = "<group>"; };
		E95791AE2C6CAF070023305B /* MiscData.swift */ = {isa = PBXFileReference; fileEncoding = 4; lastKnownFileType = sourcecode.swift; path = MiscData.swift; sourceTree = "<group>"; };
		E95791B02C6CAF460023305B /* CrimeRemarkData.swift */ = {isa = PBXFileReference; fileEncoding = 4; lastKnownFileType = sourcecode.swift; path = CrimeRemarkData.swift; sourceTree = "<group>"; };
		E9693A742C74763000244F02 /* Constants.swift */ = {isa = PBXFileReference; lastKnownFileType = sourcecode.swift; path = Constants.swift; sourceTree = "<group>"; };
		E9693A762C74784E00244F02 /* DocumentRow.swift */ = {isa = PBXFileReference; lastKnownFileType = sourcecode.swift; path = DocumentRow.swift; sourceTree = "<group>"; };
		E9693A7A2C747A4300244F02 /* Document.swift */ = {isa = PBXFileReference; fileEncoding = 4; lastKnownFileType = sourcecode.swift; path = Document.swift; sourceTree = "<group>"; };
		E97932BF2C6F8A780065DDD0 /* CameraManager.swift */ = {isa = PBXFileReference; lastKnownFileType = sourcecode.swift; path = CameraManager.swift; sourceTree = "<group>"; };
		E97932C12C6F8E6F0065DDD0 /* CIImage+Extension.swift */ = {isa = PBXFileReference; lastKnownFileType = sourcecode.swift; path = "CIImage+Extension.swift"; sourceTree = "<group>"; };
		E97932C32C6F8EEE0065DDD0 /* CameraView.swift */ = {isa = PBXFileReference; lastKnownFileType = sourcecode.swift; path = CameraView.swift; sourceTree = "<group>"; };
		E97932C52C6F95810065DDD0 /* CameraViewModel.swift */ = {isa = PBXFileReference; lastKnownFileType = sourcecode.swift; path = CameraViewModel.swift; sourceTree = "<group>"; };
		E97F19DE2C7225A800895F25 /* DocumentScannerView.swift */ = {isa = PBXFileReference; lastKnownFileType = sourcecode.swift; path = DocumentScannerView.swift; sourceTree = "<group>"; };
		E97F19E02C7226CE00895F25 /* TextRecognition.swift */ = {isa = PBXFileReference; lastKnownFileType = sourcecode.swift; path = TextRecognition.swift; sourceTree = "<group>"; };
		E9855F602C6A4BF30019080B /* adVisa.app */ = {isa = PBXFileReference; explicitFileType = wrapper.application; includeInIndex = 0; path = adVisa.app; sourceTree = BUILT_PRODUCTS_DIR; };
		E9855F632C6A4BF30019080B /* adVisaApp.swift */ = {isa = PBXFileReference; lastKnownFileType = sourcecode.swift; path = adVisaApp.swift; sourceTree = "<group>"; };
		E9855F652C6A4BF30019080B /* ContentView.swift */ = {isa = PBXFileReference; lastKnownFileType = sourcecode.swift; path = ContentView.swift; sourceTree = "<group>"; };
		E9855F672C6A4BF60019080B /* Assets.xcassets */ = {isa = PBXFileReference; lastKnownFileType = folder.assetcatalog; path = Assets.xcassets; sourceTree = "<group>"; };
		E9855F6A2C6A4BF70019080B /* Preview Assets.xcassets */ = {isa = PBXFileReference; lastKnownFileType = folder.assetcatalog; path = "Preview Assets.xcassets"; sourceTree = "<group>"; };
		E9CD97672C7319DD00A4E85E /* CameraLayerView.swift */ = {isa = PBXFileReference; lastKnownFileType = sourcecode.swift; path = CameraLayerView.swift; sourceTree = "<group>"; };
/* End PBXFileReference section */

/* Begin PBXFrameworksBuildPhase section */
		237F71DE2C6DB425009CFC1D /* Frameworks */ = {
			isa = PBXFrameworksBuildPhase;
			buildActionMask = 2147483647;
			files = (
				237F71F02C6DB7C9009CFC1D /* Repository in Frameworks */,
				237F71EE2C6DB6D8009CFC1D /* Data in Frameworks */,
			);
			runOnlyForDeploymentPostprocessing = 0;
		};
		E9855F5D2C6A4BF30019080B /* Frameworks */ = {
			isa = PBXFrameworksBuildPhase;
			buildActionMask = 2147483647;
			files = (
			);
			runOnlyForDeploymentPostprocessing = 0;
		};
/* End PBXFrameworksBuildPhase section */

/* Begin PBXGroup section */
		237F71CD2C6CB24C009CFC1D /* Infrastructure */ = {
			isa = PBXGroup;
			children = (
				237F71CF2C6CB2A3009CFC1D /* SwiftDataContextManager.swift */,
				237F71D72C6CBA5D009CFC1D /* DataError.swift */,
				237F71D92C6CBA87009CFC1D /* BaseResponse.swift */,
				237F71DB2C6CBBD2009CFC1D /* EmptyResponse.swift */,
			);
			path = Infrastructure;
			sourceTree = "<group>";
		};
		237F71D12C6CB547009CFC1D /* Repository */ = {
			isa = PBXGroup;
			children = (
				237F71D42C6CB953009CFC1D /* protocol */,
				237F71D22C6CB8F9009CFC1D /* PassportRepository.swift */,
				269E2DF82C6CE22700CFEB0E /* IdentityCardRepository.swift */,
				269E2DFA2C6CE30300CFEB0E /* PlaneTicketRepository.swift */,
				269E2DFC2C6CE70E00CFEB0E /* DomicileRepository.swift */,
				269E2DFE2C6CE7D700CFEB0E /* TravelHistoryRepository.swift */,
				269E2E002C6CE8CB00CFEB0E /* EmployerRepository.swift */,
				269E2E022C6CE97000CFEB0E /* OccupationRepository.swift */,
				269E2E042C6CE9E200CFEB0E /* GuarantorRepository.swift */,
				269E2E062C6CEB9700CFEB0E /* InviterRepository.swift */,
				269E2E0A2C6CEC3E00CFEB0E /* MiscRepository.swift */,
				269E2E0C2C6CECB100CFEB0E /* CrimeRemarkRepository.swift */,
			);
			path = Repository;
			sourceTree = "<group>";
		};
		237F71D42C6CB953009CFC1D /* protocol */ = {
			isa = PBXGroup;
			children = (
				237F71D52C6CB962009CFC1D /* DataRepositoryProtocol.swift */,
			);
			path = protocol;
			sourceTree = "<group>";
		};
		237F71E22C6DB425009CFC1D /* adVisaTests */ = {
			isa = PBXGroup;
			children = (
				237F71E32C6DB425009CFC1D /* adVisaTests.swift */,
				237F71EA2C6DB45C009CFC1D /* PassportDataRepositoryTests.swift */,
			);
			path = adVisaTests;
			sourceTree = "<group>";
		};
		237F71EC2C6DB6D8009CFC1D /* Frameworks */ = {
			isa = PBXGroup;
			children = (
				237F71EF2C6DB7C9009CFC1D /* Repository */,
				237F71ED2C6DB6D8009CFC1D /* Data */,
			);
			name = Frameworks;
			sourceTree = "<group>";
		};
		260A230D2C740F4E00F034D1 /* Upload Document */ = {
			isa = PBXGroup;
			children = (
				260A230E2C740F6C00F034D1 /* UploadDocumentSheet.swift */,
				260A23122C741BCE00F034D1 /* ConfirmUploadDocumentPage.swift */,
			);
			path = "Upload Document";
			sourceTree = "<group>";
		};
		265655532C735221004B2FAA /* Discover */ = {
			isa = PBXGroup;
			children = (
				2632019F2C731F9F006BD06F /* DiscoverPage.swift */,
				263201A12C733B71006BD06F /* DestinationCard.swift */,
				265655542C7356A6004B2FAA /* PersonalDocumentGuideCard.swift */,
			);
			path = Discover;
			sourceTree = "<group>";
		};
		265655562C737B1F004B2FAA /* VisaPrompt */ = {
			isa = PBXGroup;
			children = (
				265655572C737B53004B2FAA /* VisaPromptPage.swift */,
			);
			path = VisaPrompt;
			sourceTree = "<group>";
		};
		269CE5642C739B730008EF59 /* Visa Applying */ = {
			isa = PBXGroup;
			children = (
				26B4C8592C748A3500970A26 /* Itinerary Preparation */,
				26D07A9F2C74961400C024A7 /* Visa Form Preparation */,
				26B4C8582C74812100970A26 /* Document Preparation */,
				26D07A9D2C74929900C024A7 /* FormPreviewPage.swift */,
			);
			path = "Visa Applying";
			sourceTree = "<group>";
		};
		26A166432C74A15F008622D2 /* Questions Component */ = {
			isa = PBXGroup;
			children = (
				26A166482C74A37B008622D2 /* OtherNameForm.swift */,
				26A1664A2C74A477008622D2 /* NationalityForm.swift */,
				26A1664C2C74A55F008622D2 /* CurrentAddressForm.swift */,
				26A166522C74A8D8008622D2 /* ContactInformationForm.swift */,
				26A166542C74A9BE008622D2 /* CompanyInformationForm.swift */,
				26A166562C74AD2C008622D2 /* PreviousVisitForm.swift */,
				26A166582C74CF83008622D2 /* GuarantorForm.swift */,
				26A1665A2C74D61E008622D2 /* InviterForm.swift */,
				26A1665C2C74DA3B008622D2 /* CrimeRecordForm.swift */,
				26A166612C74E50C008622D2 /* CrimeDetailForm.swift */,
			);
			path = "Questions Component";
			sourceTree = "<group>";
		};
		26A1665E2C74DD43008622D2 /* Components */ = {
			isa = PBXGroup;
			children = (
				26A1665F2C74DD60008622D2 /* CheckBoxToggleStyle.swift */,
			);
			path = Components;
			sourceTree = "<group>";
		};
		26A166632C75692A008622D2 /* Visa Exemption */ = {
			isa = PBXGroup;
			children = (
				26A166642C75694E008622D2 /* RedirectJavesPage.swift */,
			);
			path = "Visa Exemption";
			sourceTree = "<group>";
		};
		26A166662C757342008622D2 /* Saved Documents */ = {
			isa = PBXGroup;
			children = (
				26A166672C757359008622D2 /* SavedDocumentPage.swift */,
				26A166692C757742008622D2 /* SavedDocumentCard.swift */,
			);
			path = "Saved Documents";
			sourceTree = "<group>";
		};
		26B4C8582C74812100970A26 /* Document Preparation */ = {
			isa = PBXGroup;
			children = (
				269CE5652C739B9E0008EF59 /* DocumentRequirementPage.swift */,
				E9693A762C74784E00244F02 /* DocumentRow.swift */,
			);
			path = "Document Preparation";
			sourceTree = "<group>";
		};
		26B4C8592C748A3500970A26 /* Itinerary Preparation */ = {
			isa = PBXGroup;
			children = (
				26B4C8562C747B1300970A26 /* ItineraryDetailsPage.swift */,
				26B4C85F2C748C2D00970A26 /* ItineraryCard.swift */,
			);
			path = "Itinerary Preparation";
			sourceTree = "<group>";
		};
		26D07A9F2C74961400C024A7 /* Visa Form Preparation */ = {
			isa = PBXGroup;
			children = (
				26D07AA22C7496B000C024A7 /* Visa Form */,
				26D07AA32C74979B00C024A7 /* Edit Visa Form */,
			);
			path = "Visa Form Preparation";
			sourceTree = "<group>";
		};
		26D07AA22C7496B000C024A7 /* Visa Form */ = {
			isa = PBXGroup;
			children = (
				26A166432C74A15F008622D2 /* Questions Component */,
				260A23102C74166C00F034D1 /* VisaFormPage.swift */,
			);
			path = "Visa Form";
			sourceTree = "<group>";
		};
		26D07AA32C74979B00C024A7 /* Edit Visa Form */ = {
			isa = PBXGroup;
			children = (
				26D07AA02C7496AB00C024A7 /* EditVisaFormPage.swift */,
			);
			path = "Edit Visa Form";
			sourceTree = "<group>";
		};
		E909975E2C6B6CE200D6C39F /* Data */ = {
			isa = PBXGroup;
			children = (
				237F71D12C6CB547009CFC1D /* Repository */,
				E909975F2C6B6CE500D6C39F /* Model */,
			);
			path = Data;
			sourceTree = "<group>";
		};
		E909975F2C6B6CE500D6C39F /* Model */ = {
			isa = PBXGroup;
			children = (
				E90997602C6B6D7800D6C39F /* PassportData.swift */,
				E90997652C6B710300D6C39F /* IdentityCardData.swift */,
				E90997672C6B712A00D6C39F /* PlaneTicketData.swift */,
				E957919E2C6C874D0023305B /* DomicileData.swift */,
				E95791A02C6C87AB0023305B /* TravelHistoryData.swift */,
				E95791A22C6C88250023305B /* EmployerData.swift */,
				E95791A42C6C88990023305B /* OccupationData.swift */,
				E95791A62C6C8CF80023305B /* GuarantorData.swift */,
				E95791A82C6CACDC0023305B /* InviterData.swift */,
				E95791AE2C6CAF070023305B /* MiscData.swift */,
				E95791B02C6CAF460023305B /* CrimeRemarkData.swift */,
				E9693A7A2C747A4300244F02 /* Document.swift */,
				26B4C85C2C748A9300970A26 /* Itinerary.swift */,
			);
			path = Model;
			sourceTree = "<group>";
		};
		E90997622C6B6EB900D6C39F /* Helper */ = {
			isa = PBXGroup;
			children = (
				E90997632C6B6EC300D6C39F /* Helper.swift */,
				E95791AA2C6CADF10023305B /* Enum.swift */,
				E9693A742C74763000244F02 /* Constants.swift */,
			);
			path = Helper;
			sourceTree = "<group>";
		};
		E97932BD2C6F7FCC0065DDD0 /* Scene */ = {
			isa = PBXGroup;
			children = (
				E97932C82C6F97FC0065DDD0 /* ViewModel */,
				E97932C72C6F97F80065DDD0 /* View */,
			);
			path = Scene;
			sourceTree = "<group>";
		};
		E97932BE2C6F8A6A0065DDD0 /* Camera */ = {
			isa = PBXGroup;
			children = (
				E97932BF2C6F8A780065DDD0 /* CameraManager.swift */,
				E97932C12C6F8E6F0065DDD0 /* CIImage+Extension.swift */,
			);
			path = Camera;
			sourceTree = "<group>";
		};
		E97932C72C6F97F80065DDD0 /* View */ = {
			isa = PBXGroup;
			children = (
				26A166662C757342008622D2 /* Saved Documents */,
				26A166632C75692A008622D2 /* Visa Exemption */,
				26A1665E2C74DD43008622D2 /* Components */,
				260A230D2C740F4E00F034D1 /* Upload Document */,
				269CE5642C739B730008EF59 /* Visa Applying */,
				265655562C737B1F004B2FAA /* VisaPrompt */,
				2353DC732C6FA6D400E57375 /* DataPolicyViewModel.swift */,
				E9855F652C6A4BF30019080B /* ContentView.swift */,
				E97932C32C6F8EEE0065DDD0 /* CameraView.swift */,
				E97F19DE2C7225A800895F25 /* DocumentScannerView.swift */,
				E97F19E02C7226CE00895F25 /* TextRecognition.swift */,
				2353DC742C6FA6D400E57375 /* DataPolicy.swift */,
				2353DC752C6FA6D400E57375 /* DataPolicySheet.swift */,
				265655532C735221004B2FAA /* Discover */,
				E9CD97672C7319DD00A4E85E /* CameraLayerView.swift */,
				235535342C7339BA00973F80 /* TestCameraView.swift */,
				235535362C733A1200973F80 /* ImagePicker.swift */,
			);
			path = View;
			sourceTree = "<group>";
		};
		E97932C82C6F97FC0065DDD0 /* ViewModel */ = {
			isa = PBXGroup;
			children = (
				E97932C52C6F95810065DDD0 /* CameraViewModel.swift */,
				26A166462C74A1C5008622D2 /* VisaFormViewModel.swift */,
			);
			path = ViewModel;
			sourceTree = "<group>";
		};
		E9855F572C6A4BF30019080B = {
			isa = PBXGroup;
			children = (
				E9855F622C6A4BF30019080B /* adVisa */,
				237F71E22C6DB425009CFC1D /* adVisaTests */,
				E9855F612C6A4BF30019080B /* Products */,
				237F71EC2C6DB6D8009CFC1D /* Frameworks */,
			);
			sourceTree = "<group>";
		};
		E9855F612C6A4BF30019080B /* Products */ = {
			isa = PBXGroup;
			children = (
				E9855F602C6A4BF30019080B /* adVisa.app */,
				237F71E12C6DB425009CFC1D /* adVisaTests.xctest */,
			);
			name = Products;
			sourceTree = "<group>";
		};
		E9855F622C6A4BF30019080B /* adVisa */ = {
			isa = PBXGroup;
			children = (
				E97932BE2C6F8A6A0065DDD0 /* Camera */,
				E97932BD2C6F7FCC0065DDD0 /* Scene */,
				237F71CD2C6CB24C009CFC1D /* Infrastructure */,
				E90997622C6B6EB900D6C39F /* Helper */,
				E909975E2C6B6CE200D6C39F /* Data */,
				E9855F632C6A4BF30019080B /* adVisaApp.swift */,
				23A87FE52C74605600148870 /* AdVisaClassificationModel.mlmodel */,
				E9855F672C6A4BF60019080B /* Assets.xcassets */,
				E9855F692C6A4BF70019080B /* Preview Content */,
			);
			path = adVisa;
			sourceTree = "<group>";
		};
		E9855F692C6A4BF70019080B /* Preview Content */ = {
			isa = PBXGroup;
			children = (
				E9855F6A2C6A4BF70019080B /* Preview Assets.xcassets */,
			);
			path = "Preview Content";
			sourceTree = "<group>";
		};
/* End PBXGroup section */

/* Begin PBXNativeTarget section */
		237F71E02C6DB425009CFC1D /* adVisaTests */ = {
			isa = PBXNativeTarget;
			buildConfigurationList = 237F71E92C6DB425009CFC1D /* Build configuration list for PBXNativeTarget "adVisaTests" */;
			buildPhases = (
				237F71DD2C6DB425009CFC1D /* Sources */,
				237F71DE2C6DB425009CFC1D /* Frameworks */,
				237F71DF2C6DB425009CFC1D /* Resources */,
			);
			buildRules = (
			);
			dependencies = (
				237F71E62C6DB425009CFC1D /* PBXTargetDependency */,
			);
			name = adVisaTests;
			productName = adVisaTests;
			productReference = 237F71E12C6DB425009CFC1D /* adVisaTests.xctest */;
			productType = "com.apple.product-type.bundle.unit-test";
		};
		E9855F5F2C6A4BF30019080B /* adVisa */ = {
			isa = PBXNativeTarget;
			buildConfigurationList = E9855F6E2C6A4BF70019080B /* Build configuration list for PBXNativeTarget "adVisa" */;
			buildPhases = (
				E9855F5C2C6A4BF30019080B /* Sources */,
				E9855F5D2C6A4BF30019080B /* Frameworks */,
				E9855F5E2C6A4BF30019080B /* Resources */,
			);
			buildRules = (
			);
			dependencies = (
			);
			name = adVisa;
			productName = adVisa;
			productReference = E9855F602C6A4BF30019080B /* adVisa.app */;
			productType = "com.apple.product-type.application";
		};
/* End PBXNativeTarget section */

/* Begin PBXProject section */
		E9855F582C6A4BF30019080B /* Project object */ = {
			isa = PBXProject;
			attributes = {
				BuildIndependentTargetsInParallel = 1;
				LastSwiftUpdateCheck = 1540;
				LastUpgradeCheck = 1540;
				TargetAttributes = {
					237F71E02C6DB425009CFC1D = {
						CreatedOnToolsVersion = 15.4;
						TestTargetID = E9855F5F2C6A4BF30019080B;
					};
					E9855F5F2C6A4BF30019080B = {
						CreatedOnToolsVersion = 15.4;
					};
				};
			};
			buildConfigurationList = E9855F5B2C6A4BF30019080B /* Build configuration list for PBXProject "adVisa" */;
			compatibilityVersion = "Xcode 14.0";
			developmentRegion = en;
			hasScannedForEncodings = 0;
			knownRegions = (
				en,
				Base,
			);
			mainGroup = E9855F572C6A4BF30019080B;
			productRefGroup = E9855F612C6A4BF30019080B /* Products */;
			projectDirPath = "";
			projectRoot = "";
			targets = (
				E9855F5F2C6A4BF30019080B /* adVisa */,
				237F71E02C6DB425009CFC1D /* adVisaTests */,
			);
		};
/* End PBXProject section */

/* Begin PBXResourcesBuildPhase section */
		237F71DF2C6DB425009CFC1D /* Resources */ = {
			isa = PBXResourcesBuildPhase;
			buildActionMask = 2147483647;
			files = (
			);
			runOnlyForDeploymentPostprocessing = 0;
		};
		E9855F5E2C6A4BF30019080B /* Resources */ = {
			isa = PBXResourcesBuildPhase;
			buildActionMask = 2147483647;
			files = (
				E9855F6B2C6A4BF70019080B /* Preview Assets.xcassets in Resources */,
				E9855F682C6A4BF60019080B /* Assets.xcassets in Resources */,
			);
			runOnlyForDeploymentPostprocessing = 0;
		};
/* End PBXResourcesBuildPhase section */

/* Begin PBXSourcesBuildPhase section */
		237F71DD2C6DB425009CFC1D /* Sources */ = {
			isa = PBXSourcesBuildPhase;
			buildActionMask = 2147483647;
			files = (
				237F71E42C6DB425009CFC1D /* adVisaTests.swift in Sources */,
				237F71EB2C6DB45C009CFC1D /* PassportDataRepositoryTests.swift in Sources */,
			);
			runOnlyForDeploymentPostprocessing = 0;
		};
		E9855F5C2C6A4BF30019080B /* Sources */ = {
			isa = PBXSourcesBuildPhase;
			buildActionMask = 2147483647;
			files = (
				260A23112C74166C00F034D1 /* VisaFormPage.swift in Sources */,
				260A23132C741BCE00F034D1 /* ConfirmUploadDocumentPage.swift in Sources */,
				26A1664B2C74A477008622D2 /* NationalityForm.swift in Sources */,
				E97932C22C6F8E6F0065DDD0 /* CIImage+Extension.swift in Sources */,
				26D07AA12C7496AB00C024A7 /* EditVisaFormPage.swift in Sources */,
				265655582C737B53004B2FAA /* VisaPromptPage.swift in Sources */,
				E9693A7B2C747A4300244F02 /* Document.swift in Sources */,
				269E2E072C6CEB9700CFEB0E /* InviterRepository.swift in Sources */,
				269E2DFB2C6CE30300CFEB0E /* PlaneTicketRepository.swift in Sources */,
				269CE5662C739B9E0008EF59 /* DocumentRequirementPage.swift in Sources */,
				260A230F2C740F6C00F034D1 /* UploadDocumentSheet.swift in Sources */,
				269E2E0D2C6CECB100CFEB0E /* CrimeRemarkRepository.swift in Sources */,
				26A166652C75694E008622D2 /* RedirectJavesPage.swift in Sources */,
				26A166572C74AD2C008622D2 /* PreviousVisitForm.swift in Sources */,
				E90997662C6B710300D6C39F /* IdentityCardData.swift in Sources */,
				263201A22C733B71006BD06F /* DestinationCard.swift in Sources */,
				269E2DF92C6CE22700CFEB0E /* IdentityCardRepository.swift in Sources */,
				2353DC782C6FA6D400E57375 /* DataPolicySheet.swift in Sources */,
				26A166492C74A37B008622D2 /* OtherNameForm.swift in Sources */,
				269E2E052C6CE9E200CFEB0E /* GuarantorRepository.swift in Sources */,
				26A166552C74A9BE008622D2 /* CompanyInformationForm.swift in Sources */,
				E97F19DF2C7225A800895F25 /* DocumentScannerView.swift in Sources */,
				237F71D32C6CB8F9009CFC1D /* PassportRepository.swift in Sources */,
				237F71D82C6CBA5D009CFC1D /* DataError.swift in Sources */,
				E9CD97682C7319DD00A4E85E /* CameraLayerView.swift in Sources */,
				26A1665B2C74D61E008622D2 /* InviterForm.swift in Sources */,
				E95791AF2C6CAF070023305B /* MiscData.swift in Sources */,
				2353DC762C6FA6D400E57375 /* DataPolicyViewModel.swift in Sources */,
				269E2E012C6CE8CB00CFEB0E /* EmployerRepository.swift in Sources */,
				265655552C7356A6004B2FAA /* PersonalDocumentGuideCard.swift in Sources */,
				E95791A72C6C8CF80023305B /* GuarantorData.swift in Sources */,
				26A1666A2C757742008622D2 /* SavedDocumentCard.swift in Sources */,
				26A166592C74CF83008622D2 /* GuarantorForm.swift in Sources */,
				E90997612C6B6D7800D6C39F /* PassportData.swift in Sources */,
				26B4C8572C747B1300970A26 /* ItineraryDetailsPage.swift in Sources */,
				E90997682C6B712A00D6C39F /* PlaneTicketData.swift in Sources */,
				E9855F662C6A4BF30019080B /* ContentView.swift in Sources */,
				26A166532C74A8D8008622D2 /* ContactInformationForm.swift in Sources */,
				E95791A12C6C87AB0023305B /* TravelHistoryData.swift in Sources */,
				26A1665D2C74DA3B008622D2 /* CrimeRecordForm.swift in Sources */,
				E9855F642C6A4BF30019080B /* adVisaApp.swift in Sources */,
				E95791AB2C6CADF10023305B /* Enum.swift in Sources */,
				E97932C62C6F95810065DDD0 /* CameraViewModel.swift in Sources */,
				E95791A52C6C88990023305B /* OccupationData.swift in Sources */,
				263201A02C731F9F006BD06F /* DiscoverPage.swift in Sources */,
				E97932C02C6F8A780065DDD0 /* CameraManager.swift in Sources */,
				E95791A32C6C88250023305B /* EmployerData.swift in Sources */,
				2353DC772C6FA6D400E57375 /* DataPolicy.swift in Sources */,
				E957919F2C6C874D0023305B /* DomicileData.swift in Sources */,
				269E2E0B2C6CEC3E00CFEB0E /* MiscRepository.swift in Sources */,
				26B4C8602C748C2D00970A26 /* ItineraryCard.swift in Sources */,
				237F71D62C6CB962009CFC1D /* DataRepositoryProtocol.swift in Sources */,
				26A166682C757359008622D2 /* SavedDocumentPage.swift in Sources */,
				26B4C85D2C748A9300970A26 /* Itinerary.swift in Sources */,
				26A166472C74A1C5008622D2 /* VisaFormViewModel.swift in Sources */,
				269E2DFD2C6CE70E00CFEB0E /* DomicileRepository.swift in Sources */,
				23A87FE62C74605600148870 /* AdVisaClassificationModel.mlmodel in Sources */,
				235535372C733A1200973F80 /* ImagePicker.swift in Sources */,
				26A166602C74DD60008622D2 /* CheckBoxToggleStyle.swift in Sources */,
				26A166622C74E50C008622D2 /* CrimeDetailForm.swift in Sources */,
				26A1664D2C74A55F008622D2 /* CurrentAddressForm.swift in Sources */,
				269E2E032C6CE97000CFEB0E /* OccupationRepository.swift in Sources */,
				237F71DC2C6CBBD2009CFC1D /* EmptyResponse.swift in Sources */,
				26D07A9E2C74929900C024A7 /* FormPreviewPage.swift in Sources */,
				E97F19E12C7226CE00895F25 /* TextRecognition.swift in Sources */,
				237F71DA2C6CBA87009CFC1D /* BaseResponse.swift in Sources */,
				269E2DFF2C6CE7D700CFEB0E /* TravelHistoryRepository.swift in Sources */,
				E9693A772C74784E00244F02 /* DocumentRow.swift in Sources */,
				E97932C42C6F8EEE0065DDD0 /* CameraView.swift in Sources */,
				E90997642C6B6EC300D6C39F /* Helper.swift in Sources */,
				E95791B12C6CAF460023305B /* CrimeRemarkData.swift in Sources */,
				E95791A92C6CACDC0023305B /* InviterData.swift in Sources */,
				E9693A752C74763000244F02 /* Constants.swift in Sources */,
				237F71D02C6CB2A3009CFC1D /* SwiftDataContextManager.swift in Sources */,
				235535352C7339BA00973F80 /* TestCameraView.swift in Sources */,
			);
			runOnlyForDeploymentPostprocessing = 0;
		};
/* End PBXSourcesBuildPhase section */

/* Begin PBXTargetDependency section */
		237F71E62C6DB425009CFC1D /* PBXTargetDependency */ = {
			isa = PBXTargetDependency;
			target = E9855F5F2C6A4BF30019080B /* adVisa */;
			targetProxy = 237F71E52C6DB425009CFC1D /* PBXContainerItemProxy */;
		};
/* End PBXTargetDependency section */

/* Begin XCBuildConfiguration section */
		237F71E72C6DB425009CFC1D /* Debug */ = {
			isa = XCBuildConfiguration;
			buildSettings = {
				BUNDLE_LOADER = "$(TEST_HOST)";
				CODE_SIGN_STYLE = Automatic;
				CURRENT_PROJECT_VERSION = 1;
				DEVELOPMENT_TEAM = BHS88Y2WBP;
				GENERATE_INFOPLIST_FILE = YES;
				MARKETING_VERSION = 1.0;
				PRODUCT_BUNDLE_IDENTIFIER = None.adVisaTests;
				PRODUCT_NAME = "$(TARGET_NAME)";
				SWIFT_EMIT_LOC_STRINGS = NO;
				SWIFT_VERSION = 5.0;
				TARGETED_DEVICE_FAMILY = "1,2";
				TEST_HOST = "$(BUILT_PRODUCTS_DIR)/adVisa.app/$(BUNDLE_EXECUTABLE_FOLDER_PATH)/adVisa";
			};
			name = Debug;
		};
		237F71E82C6DB425009CFC1D /* Release */ = {
			isa = XCBuildConfiguration;
			buildSettings = {
				BUNDLE_LOADER = "$(TEST_HOST)";
				CODE_SIGN_STYLE = Automatic;
				CURRENT_PROJECT_VERSION = 1;
				DEVELOPMENT_TEAM = BHS88Y2WBP;
				GENERATE_INFOPLIST_FILE = YES;
				MARKETING_VERSION = 1.0;
				PRODUCT_BUNDLE_IDENTIFIER = None.adVisaTests;
				PRODUCT_NAME = "$(TARGET_NAME)";
				SWIFT_EMIT_LOC_STRINGS = NO;
				SWIFT_VERSION = 5.0;
				TARGETED_DEVICE_FAMILY = "1,2";
				TEST_HOST = "$(BUILT_PRODUCTS_DIR)/adVisa.app/$(BUNDLE_EXECUTABLE_FOLDER_PATH)/adVisa";
			};
			name = Release;
		};
		E9855F6C2C6A4BF70019080B /* Debug */ = {
			isa = XCBuildConfiguration;
			buildSettings = {
				ALWAYS_SEARCH_USER_PATHS = NO;
				ASSETCATALOG_COMPILER_GENERATE_SWIFT_ASSET_SYMBOL_EXTENSIONS = YES;
				CLANG_ANALYZER_NONNULL = YES;
				CLANG_ANALYZER_NUMBER_OBJECT_CONVERSION = YES_AGGRESSIVE;
				CLANG_CXX_LANGUAGE_STANDARD = "gnu++20";
				CLANG_ENABLE_MODULES = YES;
				CLANG_ENABLE_OBJC_ARC = YES;
				CLANG_ENABLE_OBJC_WEAK = YES;
				CLANG_WARN_BLOCK_CAPTURE_AUTORELEASING = YES;
				CLANG_WARN_BOOL_CONVERSION = YES;
				CLANG_WARN_COMMA = YES;
				CLANG_WARN_CONSTANT_CONVERSION = YES;
				CLANG_WARN_DEPRECATED_OBJC_IMPLEMENTATIONS = YES;
				CLANG_WARN_DIRECT_OBJC_ISA_USAGE = YES_ERROR;
				CLANG_WARN_DOCUMENTATION_COMMENTS = YES;
				CLANG_WARN_EMPTY_BODY = YES;
				CLANG_WARN_ENUM_CONVERSION = YES;
				CLANG_WARN_INFINITE_RECURSION = YES;
				CLANG_WARN_INT_CONVERSION = YES;
				CLANG_WARN_NON_LITERAL_NULL_CONVERSION = YES;
				CLANG_WARN_OBJC_IMPLICIT_RETAIN_SELF = YES;
				CLANG_WARN_OBJC_LITERAL_CONVERSION = YES;
				CLANG_WARN_OBJC_ROOT_CLASS = YES_ERROR;
				CLANG_WARN_QUOTED_INCLUDE_IN_FRAMEWORK_HEADER = YES;
				CLANG_WARN_RANGE_LOOP_ANALYSIS = YES;
				CLANG_WARN_STRICT_PROTOTYPES = YES;
				CLANG_WARN_SUSPICIOUS_MOVE = YES;
				CLANG_WARN_UNGUARDED_AVAILABILITY = YES_AGGRESSIVE;
				CLANG_WARN_UNREACHABLE_CODE = YES;
				CLANG_WARN__DUPLICATE_METHOD_MATCH = YES;
				COPY_PHASE_STRIP = NO;
				DEBUG_INFORMATION_FORMAT = dwarf;
				ENABLE_STRICT_OBJC_MSGSEND = YES;
				ENABLE_TESTABILITY = YES;
				ENABLE_USER_SCRIPT_SANDBOXING = YES;
				GCC_C_LANGUAGE_STANDARD = gnu17;
				GCC_DYNAMIC_NO_PIC = NO;
				GCC_NO_COMMON_BLOCKS = YES;
				GCC_OPTIMIZATION_LEVEL = 0;
				GCC_PREPROCESSOR_DEFINITIONS = (
					"DEBUG=1",
					"$(inherited)",
				);
				GCC_WARN_64_TO_32_BIT_CONVERSION = YES;
				GCC_WARN_ABOUT_RETURN_TYPE = YES_ERROR;
				GCC_WARN_UNDECLARED_SELECTOR = YES;
				GCC_WARN_UNINITIALIZED_AUTOS = YES_AGGRESSIVE;
				GCC_WARN_UNUSED_FUNCTION = YES;
				GCC_WARN_UNUSED_VARIABLE = YES;
				IPHONEOS_DEPLOYMENT_TARGET = 17.5;
				LOCALIZATION_PREFERS_STRING_CATALOGS = YES;
				MTL_ENABLE_DEBUG_INFO = INCLUDE_SOURCE;
				MTL_FAST_MATH = YES;
				ONLY_ACTIVE_ARCH = YES;
				SDKROOT = iphoneos;
				SWIFT_ACTIVE_COMPILATION_CONDITIONS = "DEBUG $(inherited)";
				SWIFT_OPTIMIZATION_LEVEL = "-Onone";
			};
			name = Debug;
		};
		E9855F6D2C6A4BF70019080B /* Release */ = {
			isa = XCBuildConfiguration;
			buildSettings = {
				ALWAYS_SEARCH_USER_PATHS = NO;
				ASSETCATALOG_COMPILER_GENERATE_SWIFT_ASSET_SYMBOL_EXTENSIONS = YES;
				CLANG_ANALYZER_NONNULL = YES;
				CLANG_ANALYZER_NUMBER_OBJECT_CONVERSION = YES_AGGRESSIVE;
				CLANG_CXX_LANGUAGE_STANDARD = "gnu++20";
				CLANG_ENABLE_MODULES = YES;
				CLANG_ENABLE_OBJC_ARC = YES;
				CLANG_ENABLE_OBJC_WEAK = YES;
				CLANG_WARN_BLOCK_CAPTURE_AUTORELEASING = YES;
				CLANG_WARN_BOOL_CONVERSION = YES;
				CLANG_WARN_COMMA = YES;
				CLANG_WARN_CONSTANT_CONVERSION = YES;
				CLANG_WARN_DEPRECATED_OBJC_IMPLEMENTATIONS = YES;
				CLANG_WARN_DIRECT_OBJC_ISA_USAGE = YES_ERROR;
				CLANG_WARN_DOCUMENTATION_COMMENTS = YES;
				CLANG_WARN_EMPTY_BODY = YES;
				CLANG_WARN_ENUM_CONVERSION = YES;
				CLANG_WARN_INFINITE_RECURSION = YES;
				CLANG_WARN_INT_CONVERSION = YES;
				CLANG_WARN_NON_LITERAL_NULL_CONVERSION = YES;
				CLANG_WARN_OBJC_IMPLICIT_RETAIN_SELF = YES;
				CLANG_WARN_OBJC_LITERAL_CONVERSION = YES;
				CLANG_WARN_OBJC_ROOT_CLASS = YES_ERROR;
				CLANG_WARN_QUOTED_INCLUDE_IN_FRAMEWORK_HEADER = YES;
				CLANG_WARN_RANGE_LOOP_ANALYSIS = YES;
				CLANG_WARN_STRICT_PROTOTYPES = YES;
				CLANG_WARN_SUSPICIOUS_MOVE = YES;
				CLANG_WARN_UNGUARDED_AVAILABILITY = YES_AGGRESSIVE;
				CLANG_WARN_UNREACHABLE_CODE = YES;
				CLANG_WARN__DUPLICATE_METHOD_MATCH = YES;
				COPY_PHASE_STRIP = NO;
				DEBUG_INFORMATION_FORMAT = "dwarf-with-dsym";
				ENABLE_NS_ASSERTIONS = NO;
				ENABLE_STRICT_OBJC_MSGSEND = YES;
				ENABLE_USER_SCRIPT_SANDBOXING = YES;
				GCC_C_LANGUAGE_STANDARD = gnu17;
				GCC_NO_COMMON_BLOCKS = YES;
				GCC_WARN_64_TO_32_BIT_CONVERSION = YES;
				GCC_WARN_ABOUT_RETURN_TYPE = YES_ERROR;
				GCC_WARN_UNDECLARED_SELECTOR = YES;
				GCC_WARN_UNINITIALIZED_AUTOS = YES_AGGRESSIVE;
				GCC_WARN_UNUSED_FUNCTION = YES;
				GCC_WARN_UNUSED_VARIABLE = YES;
				IPHONEOS_DEPLOYMENT_TARGET = 17.5;
				LOCALIZATION_PREFERS_STRING_CATALOGS = YES;
				MTL_ENABLE_DEBUG_INFO = NO;
				MTL_FAST_MATH = YES;
				SDKROOT = iphoneos;
				SWIFT_COMPILATION_MODE = wholemodule;
				VALIDATE_PRODUCT = YES;
			};
			name = Release;
		};
		E9855F6F2C6A4BF70019080B /* Debug */ = {
			isa = XCBuildConfiguration;
			buildSettings = {
				ASSETCATALOG_COMPILER_APPICON_NAME = AppIcon;
				ASSETCATALOG_COMPILER_GLOBAL_ACCENT_COLOR_NAME = AccentColor;
				CODE_SIGN_STYLE = Automatic;
				CURRENT_PROJECT_VERSION = 1;
				DEVELOPMENT_ASSET_PATHS = "\"adVisa/Preview Content\"";
				DEVELOPMENT_TEAM = MRV3669B85;
				ENABLE_PREVIEWS = YES;
				GENERATE_INFOPLIST_FILE = YES;
				INFOPLIST_KEY_NSCameraUsageDescription = "";
				INFOPLIST_KEY_UIApplicationSceneManifest_Generation = YES;
				INFOPLIST_KEY_UIApplicationSupportsIndirectInputEvents = YES;
				INFOPLIST_KEY_UILaunchScreen_Generation = YES;
				INFOPLIST_KEY_UISupportedInterfaceOrientations = UIInterfaceOrientationPortrait;
				LD_RUNPATH_SEARCH_PATHS = (
					"$(inherited)",
					"@executable_path/Frameworks",
				);
				MARKETING_VERSION = 1.0;
				PRODUCT_BUNDLE_IDENTIFIER = com.lonard.adVisa;
				PRODUCT_NAME = "$(TARGET_NAME)";
				SUPPORTED_PLATFORMS = "iphoneos iphonesimulator";
				SUPPORTS_MACCATALYST = NO;
				SUPPORTS_MAC_DESIGNED_FOR_IPHONE_IPAD = NO;
				SUPPORTS_XR_DESIGNED_FOR_IPHONE_IPAD = NO;
				SWIFT_EMIT_LOC_STRINGS = YES;
				SWIFT_VERSION = 5.0;
				TARGETED_DEVICE_FAMILY = 1;
			};
			name = Debug;
		};
		E9855F702C6A4BF70019080B /* Release */ = {
			isa = XCBuildConfiguration;
			buildSettings = {
				ASSETCATALOG_COMPILER_APPICON_NAME = AppIcon;
				ASSETCATALOG_COMPILER_GLOBAL_ACCENT_COLOR_NAME = AccentColor;
				CODE_SIGN_STYLE = Automatic;
				CURRENT_PROJECT_VERSION = 1;
				DEVELOPMENT_ASSET_PATHS = "\"adVisa/Preview Content\"";
				DEVELOPMENT_TEAM = MRV3669B85;
				ENABLE_PREVIEWS = YES;
				GENERATE_INFOPLIST_FILE = YES;
				INFOPLIST_KEY_NSCameraUsageDescription = "";
				INFOPLIST_KEY_UIApplicationSceneManifest_Generation = YES;
				INFOPLIST_KEY_UIApplicationSupportsIndirectInputEvents = YES;
				INFOPLIST_KEY_UILaunchScreen_Generation = YES;
				INFOPLIST_KEY_UISupportedInterfaceOrientations = UIInterfaceOrientationPortrait;
				LD_RUNPATH_SEARCH_PATHS = (
					"$(inherited)",
					"@executable_path/Frameworks",
				);
				MARKETING_VERSION = 1.0;
				PRODUCT_BUNDLE_IDENTIFIER = com.lonard.adVisa;
				PRODUCT_NAME = "$(TARGET_NAME)";
				SUPPORTED_PLATFORMS = "iphoneos iphonesimulator";
				SUPPORTS_MACCATALYST = NO;
				SUPPORTS_MAC_DESIGNED_FOR_IPHONE_IPAD = NO;
				SUPPORTS_XR_DESIGNED_FOR_IPHONE_IPAD = NO;
				SWIFT_EMIT_LOC_STRINGS = YES;
				SWIFT_VERSION = 5.0;
				TARGETED_DEVICE_FAMILY = 1;
			};
			name = Release;
		};
/* End XCBuildConfiguration section */

/* Begin XCConfigurationList section */
		237F71E92C6DB425009CFC1D /* Build configuration list for PBXNativeTarget "adVisaTests" */ = {
			isa = XCConfigurationList;
			buildConfigurations = (
				237F71E72C6DB425009CFC1D /* Debug */,
				237F71E82C6DB425009CFC1D /* Release */,
			);
			defaultConfigurationIsVisible = 0;
			defaultConfigurationName = Release;
		};
		E9855F5B2C6A4BF30019080B /* Build configuration list for PBXProject "adVisa" */ = {
			isa = XCConfigurationList;
			buildConfigurations = (
				E9855F6C2C6A4BF70019080B /* Debug */,
				E9855F6D2C6A4BF70019080B /* Release */,
			);
			defaultConfigurationIsVisible = 0;
			defaultConfigurationName = Release;
		};
		E9855F6E2C6A4BF70019080B /* Build configuration list for PBXNativeTarget "adVisa" */ = {
			isa = XCConfigurationList;
			buildConfigurations = (
				E9855F6F2C6A4BF70019080B /* Debug */,
				E9855F702C6A4BF70019080B /* Release */,
			);
			defaultConfigurationIsVisible = 0;
			defaultConfigurationName = Release;
		};
/* End XCConfigurationList section */
	};
	rootObject = E9855F582C6A4BF30019080B /* Project object */;
}
